{
  "requires": true,
  "lockfileVersion": 1,
  "dependencies": {
    "jquery.waitforimages": {
      "version": "2.4.0",
      "resolved": "https://registry.npmjs.org/jquery.waitforimages/-/jquery.waitforimages-2.4.0.tgz",
      "integrity": "sha512-GmkE2wf2vUlg+XayDq0bfUtsn/Wq7FIX1NjnOtMjl63goz/PKj7787RoTJXQx6XAaZAO3TQ3QoLfLwWsaDKOhQ=="
    }
  }
}
